github.com/blackistheneworange/gohttprouter v0.1.0 h1:ySMxfbN2mzS5KyeTqDKt6EdRgR7glB2iJtHnS/s9beg=
github.com/blackistheneworange/gohttprouter v0.1.0/go.mod h1:Sj1VPekizWhDYCySCNB9WQjE1inYcrrwOkxjmMtQKo4=
github.com/blackistheneworange/uncorrupt v0.1.0 h1:1IlfKddHWZUfrQ0tIInsieHIypsMA+kj4OG3R0GKvMU=
github.com/blackistheneworange/uncorrupt v0.1.0/go.mod h1:bKBjJgFdYuG4+ExCQdFLTedMQwy+9E/DZGJ16IgI0H8=
